// !$*UTF8*$!
{
	archiveVersion = 1;
	classes = {
	};
	objectVersion = 56;
	objects = {

/* Begin PBXBuildFile section */
		AC14B470292D133C00A28A80 /* ThreeColumDetailView.swift in Sources */ = {isa = PBXBuildFile; fileRef = AC14B46F292D133C00A28A80 /* ThreeColumDetailView.swift */; };
		AC89A824292A9F4D00729072 /* BranchListView.swift in Sources */ = {isa = PBXBuildFile; fileRef = AC89A823292A9F4D00729072 /* BranchListView.swift */; };
		AC89A826292A9F8900729072 /* DoctorsListView.swift in Sources */ = {isa = PBXBuildFile; fileRef = AC89A825292A9F8900729072 /* DoctorsListView.swift */; };
		AC89A828292A9F9F00729072 /* PatientsListView.swift in Sources */ = {isa = PBXBuildFile; fileRef = AC89A827292A9F9F00729072 /* PatientsListView.swift */; };
		AC89A82A292A9FED00729072 /* AppointmentsListView.swift in Sources */ = {isa = PBXBuildFile; fileRef = AC89A829292A9FED00729072 /* AppointmentsListView.swift */; };
		ACB5C5F729284E420007A74E /* TestNavigationApp.swift in Sources */ = {isa = PBXBuildFile; fileRef = ACB5C5F629284E420007A74E /* TestNavigationApp.swift */; };
		ACB5C5F929284E420007A74E /* ContentView.swift in Sources */ = {isa = PBXBuildFile; fileRef = ACB5C5F829284E420007A74E /* ContentView.swift */; };
		ACB5C5FB29284E450007A74E /* Assets.xcassets in Resources */ = {isa = PBXBuildFile; fileRef = ACB5C5FA29284E450007A74E /* Assets.xcassets */; };
		ACB5C5FF29284E450007A74E /* Preview Assets.xcassets in Resources */ = {isa = PBXBuildFile; fileRef = ACB5C5FE29284E450007A74E /* Preview Assets.xcassets */; };
		ACB5C608292856370007A74E /* PlaceHolderView.swift in Sources */ = {isa = PBXBuildFile; fileRef = ACB5C607292856370007A74E /* PlaceHolderView.swift */; };
		ACB5C60D2928BD940007A74E /* HospitalMenu.swift in Sources */ = {isa = PBXBuildFile; fileRef = ACB5C60C2928BD940007A74E /* HospitalMenu.swift */; };
		ACB5C6102928C17D0007A74E /* ThreeColumnMasterView.swift in Sources */ = {isa = PBXBuildFile; fileRef = ACB5C60F2928C17D0007A74E /* ThreeColumnMasterView.swift */; };
		ACB5C6122928C2CA0007A74E /* NavigationModel.swift in Sources */ = {isa = PBXBuildFile; fileRef = ACB5C6112928C2CA0007A74E /* NavigationModel.swift */; };
		ACB5C6142929019B0007A74E /* Branch.swift in Sources */ = {isa = PBXBuildFile; fileRef = ACB5C6132929019B0007A74E /* Branch.swift */; };
		ACB5C616292901B70007A74E /* Doctor.swift in Sources */ = {isa = PBXBuildFile; fileRef = ACB5C615292901B70007A74E /* Doctor.swift */; };
		ACB5C618292901E00007A74E /* Patient.swift in Sources */ = {isa = PBXBuildFile; fileRef = ACB5C617292901E00007A74E /* Patient.swift */; };
		ACB5C61A292901F40007A74E /* Appointment.swift in Sources */ = {isa = PBXBuildFile; fileRef = ACB5C619292901F40007A74E /* Appointment.swift */; };
		ACB5C61C2929924A0007A74E /* GoogleService-Info.plist in Resources */ = {isa = PBXBuildFile; fileRef = ACB5C61B292992490007A74E /* GoogleService-Info.plist */; };
		ACB5C61F292993340007A74E /* FirebaseAuth in Frameworks */ = {isa = PBXBuildFile; productRef = ACB5C61E292993340007A74E /* FirebaseAuth */; };
		ACB5C621292993340007A74E /* FirebaseFirestoreSwift in Frameworks */ = {isa = PBXBuildFile; productRef = ACB5C620292993340007A74E /* FirebaseFirestoreSwift */; };
/* End PBXBuildFile section */

/* Begin PBXFileReference section */
		AC14B46F292D133C00A28A80 /* ThreeColumDetailView.swift */ = {isa = PBXFileReference; lastKnownFileType = sourcecode.swift; path = ThreeColumDetailView.swift; sourceTree = "<group>"; };
		AC89A823292A9F4D00729072 /* BranchListView.swift */ = {isa = PBXFileReference; lastKnownFileType = sourcecode.swift; path = BranchListView.swift; sourceTree = "<group>"; };
		AC89A825292A9F8900729072 /* DoctorsListView.swift */ = {isa = PBXFileReference; lastKnownFileType = sourcecode.swift; path = DoctorsListView.swift; sourceTree = "<group>"; };
		AC89A827292A9F9F00729072 /* PatientsListView.swift */ = {isa = PBXFileReference; lastKnownFileType = sourcecode.swift; path = PatientsListView.swift; sourceTree = "<group>"; };
		AC89A829292A9FED00729072 /* AppointmentsListView.swift */ = {isa = PBXFileReference; lastKnownFileType = sourcecode.swift; path = AppointmentsListView.swift; sourceTree = "<group>"; };
		ACB5C5F329284E420007A74E /* TestNavigation.app */ = {isa = PBXFileReference; explicitFileType = wrapper.application; includeInIndex = 0; path = TestNavigation.app; sourceTree = BUILT_PRODUCTS_DIR; };
		ACB5C5F629284E420007A74E /* TestNavigationApp.swift */ = {isa = PBXFileReference; lastKnownFileType = sourcecode.swift; path = TestNavigationApp.swift; sourceTree = "<group>"; };
		ACB5C5F829284E420007A74E /* ContentView.swift */ = {isa = PBXFileReference; lastKnownFileType = sourcecode.swift; path = ContentView.swift; sourceTree = "<group>"; };
		ACB5C5FA29284E450007A74E /* Assets.xcassets */ = {isa = PBXFileReference; lastKnownFileType = folder.assetcatalog; path = Assets.xcassets; sourceTree = "<group>"; };
		ACB5C5FC29284E450007A74E /* TestNavigation.entitlements */ = {isa = PBXFileReference; lastKnownFileType = text.plist.entitlements; path = TestNavigation.entitlements; sourceTree = "<group>"; };
		ACB5C5FE29284E450007A74E /* Preview Assets.xcassets */ = {isa = PBXFileReference; lastKnownFileType = folder.assetcatalog; path = "Preview Assets.xcassets"; sourceTree = "<group>"; };
		ACB5C607292856370007A74E /* PlaceHolderView.swift */ = {isa = PBXFileReference; lastKnownFileType = sourcecode.swift; path = PlaceHolderView.swift; sourceTree = "<group>"; };
		ACB5C60C2928BD940007A74E /* HospitalMenu.swift */ = {isa = PBXFileReference; lastKnownFileType = sourcecode.swift; path = HospitalMenu.swift; sourceTree = "<group>"; };
		ACB5C60F2928C17D0007A74E /* ThreeColumnMasterView.swift */ = {isa = PBXFileReference; lastKnownFileType = sourcecode.swift; path = ThreeColumnMasterView.swift; sourceTree = "<group>"; };
		ACB5C6112928C2CA0007A74E /* NavigationModel.swift */ = {isa = PBXFileReference; lastKnownFileType = sourcecode.swift; path = NavigationModel.swift; sourceTree = "<group>"; };
		ACB5C6132929019B0007A74E /* Branch.swift */ = {isa = PBXFileReference; lastKnownFileType = sourcecode.swift; path = Branch.swift; sourceTree = "<group>"; };
		ACB5C615292901B70007A74E /* Doctor.swift */ = {isa = PBXFileReference; lastKnownFileType = sourcecode.swift; path = Doctor.swift; sourceTree = "<group>"; };
		ACB5C617292901E00007A74E /* Patient.swift */ = {isa = PBXFileReference; lastKnownFileType = sourcecode.swift; path = Patient.swift; sourceTree = "<group>"; };
		ACB5C619292901F40007A74E /* Appointment.swift */ = {isa = PBXFileReference; lastKnownFileType = sourcecode.swift; path = Appointment.swift; sourceTree = "<group>"; };
		ACB5C61B292992490007A74E /* GoogleService-Info.plist */ = {isa = PBXFileReference; fileEncoding = 4; lastKnownFileType = text.plist.xml; path = "GoogleService-Info.plist"; sourceTree = "<group>"; };
/* End PBXFileReference section */

/* Begin PBXFrameworksBuildPhase section */
		ACB5C5F029284E420007A74E /* Frameworks */ = {
			isa = PBXFrameworksBuildPhase;
			buildActionMask = 2147483647;
			files = (
				ACB5C61F292993340007A74E /* FirebaseAuth in Frameworks */,
				ACB5C621292993340007A74E /* FirebaseFirestoreSwift in Frameworks */,
			);
			runOnlyForDeploymentPostprocessing = 0;
		};
/* End PBXFrameworksBuildPhase section */

/* Begin PBXGroup section */
		ACB5C5EA29284E420007A74E = {
			isa = PBXGroup;
			children = (
				ACB5C5F529284E420007A74E /* TestNavigation */,
				ACB5C5F429284E420007A74E /* Products */,
			);
			sourceTree = "<group>";
		};
		ACB5C5F429284E420007A74E /* Products */ = {
			isa = PBXGroup;
			children = (
				ACB5C5F329284E420007A74E /* TestNavigation.app */,
			);
			name = Products;
			sourceTree = "<group>";
		};
		ACB5C5F529284E420007A74E /* TestNavigation */ = {
			isa = PBXGroup;
			children = (
				ACB5C61B292992490007A74E /* GoogleService-Info.plist */,
				ACB5C60E2928C14A0007A74E /* Views */,
				ACB5C6092928BD510007A74E /* Models */,
				ACB5C5F629284E420007A74E /* TestNavigationApp.swift */,
				ACB5C5F829284E420007A74E /* ContentView.swift */,
				ACB5C5FA29284E450007A74E /* Assets.xcassets */,
				ACB5C5FC29284E450007A74E /* TestNavigation.entitlements */,
				ACB5C5FD29284E450007A74E /* Preview Content */,
				ACB5C607292856370007A74E /* PlaceHolderView.swift */,
			);
			path = TestNavigation;
			sourceTree = "<group>";
		};
		ACB5C5FD29284E450007A74E /* Preview Content */ = {
			isa = PBXGroup;
			children = (
				ACB5C5FE29284E450007A74E /* Preview Assets.xcassets */,
			);
			path = "Preview Content";
			sourceTree = "<group>";
		};
		ACB5C6092928BD510007A74E /* Models */ = {
			isa = PBXGroup;
			children = (
				ACB5C60C2928BD940007A74E /* HospitalMenu.swift */,
				ACB5C6112928C2CA0007A74E /* NavigationModel.swift */,
				ACB5C6132929019B0007A74E /* Branch.swift */,
				ACB5C615292901B70007A74E /* Doctor.swift */,
				ACB5C617292901E00007A74E /* Patient.swift */,
				ACB5C619292901F40007A74E /* Appointment.swift */,
			);
			path = Models;
			sourceTree = "<group>";
		};
		ACB5C60E2928C14A0007A74E /* Views */ = {
			isa = PBXGroup;
			children = (
				ACB5C60F2928C17D0007A74E /* ThreeColumnMasterView.swift */,
				AC89A825292A9F8900729072 /* DoctorsListView.swift */,
				AC89A823292A9F4D00729072 /* BranchListView.swift */,
				AC89A827292A9F9F00729072 /* PatientsListView.swift */,
				AC89A829292A9FED00729072 /* AppointmentsListView.swift */,
				AC14B46F292D133C00A28A80 /* ThreeColumDetailView.swift */,
			);
			path = Views;
			sourceTree = "<group>";
		};
/* End PBXGroup section */

/* Begin PBXNativeTarget section */
		ACB5C5F229284E420007A74E /* TestNavigation */ = {
			isa = PBXNativeTarget;
			buildConfigurationList = ACB5C60229284E450007A74E /* Build configuration list for PBXNativeTarget "TestNavigation" */;
			buildPhases = (
				ACB5C5EF29284E420007A74E /* Sources */,
				ACB5C5F029284E420007A74E /* Frameworks */,
				ACB5C5F129284E420007A74E /* Resources */,
			);
			buildRules = (
			);
			dependencies = (
			);
			name = TestNavigation;
			packageProductDependencies = (
				ACB5C61E292993340007A74E /* FirebaseAuth */,
				ACB5C620292993340007A74E /* FirebaseFirestoreSwift */,
			);
			productName = TestNavigation;
			productReference = ACB5C5F329284E420007A74E /* TestNavigation.app */;
			productType = "com.apple.product-type.application";
		};
/* End PBXNativeTarget section */

/* Begin PBXProject section */
		ACB5C5EB29284E420007A74E /* Project object */ = {
			isa = PBXProject;
			attributes = {
				BuildIndependentTargetsInParallel = 1;
				LastSwiftUpdateCheck = 1410;
				LastUpgradeCheck = 1410;
				TargetAttributes = {
					ACB5C5F229284E420007A74E = {
						CreatedOnToolsVersion = 14.1;
					};
				};
			};
			buildConfigurationList = ACB5C5EE29284E420007A74E /* Build configuration list for PBXProject "TestNavigation" */;
			compatibilityVersion = "Xcode 14.0";
			developmentRegion = en;
			hasScannedForEncodings = 0;
			knownRegions = (
				en,
				Base,
			);
			mainGroup = ACB5C5EA29284E420007A74E;
			packageReferences = (
				ACB5C61D292993340007A74E /* XCRemoteSwiftPackageReference "firebase-ios-sdk" */,
			);
			productRefGroup = ACB5C5F429284E420007A74E /* Products */;
			projectDirPath = "";
			projectRoot = "";
			targets = (
				ACB5C5F229284E420007A74E /* TestNavigation */,
			);
		};
/* End PBXProject section */

/* Begin PBXResourcesBuildPhase section */
		ACB5C5F129284E420007A74E /* Resources */ = {
			isa = PBXResourcesBuildPhase;
			buildActionMask = 2147483647;
			files = (
				ACB5C5FF29284E450007A74E /* Preview Assets.xcassets in Resources */,
				ACB5C5FB29284E450007A74E /* Assets.xcassets in Resources */,
				ACB5C61C2929924A0007A74E /* GoogleService-Info.plist in Resources */,
			);
			runOnlyForDeploymentPostprocessing = 0;
		};
/* End PBXResourcesBuildPhase section */

/* Begin PBXSourcesBuildPhase section */
		ACB5C5EF29284E420007A74E /* Sources */ = {
			isa = PBXSourcesBuildPhase;
			buildActionMask = 2147483647;
			files = (
				ACB5C6102928C17D0007A74E /* ThreeColumnMasterView.swift in Sources */,
				ACB5C5F929284E420007A74E /* ContentView.swift in Sources */,
				ACB5C618292901E00007A74E /* Patient.swift in Sources */,
				AC14B470292D133C00A28A80 /* ThreeColumDetailView.swift in Sources */,
				ACB5C616292901B70007A74E /* Doctor.swift in Sources */,
				AC89A82A292A9FED00729072 /* AppointmentsListView.swift in Sources */,
				ACB5C60D2928BD940007A74E /* HospitalMenu.swift in Sources */,
				AC89A826292A9F8900729072 /* DoctorsListView.swift in Sources */,
				AC89A824292A9F4D00729072 /* BranchListView.swift in Sources */,
				ACB5C608292856370007A74E /* PlaceHolderView.swift in Sources */,
				ACB5C5F729284E420007A74E /* TestNavigationApp.swift in Sources */,
				ACB5C6122928C2CA0007A74E /* NavigationModel.swift in Sources */,
				ACB5C6142929019B0007A74E /* Branch.swift in Sources */,
				AC89A828292A9F9F00729072 /* PatientsListView.swift in Sources */,
				ACB5C61A292901F40007A74E /* Appointment.swift in Sources */,
			);
			runOnlyForDeploymentPostprocessing = 0;
		};
/* End PBXSourcesBuildPhase section */

/* Begin XCBuildConfiguration section */
		ACB5C60029284E450007A74E /* Debug */ = {
			isa = XCBuildConfiguration;
			buildSettings = {
				ALWAYS_SEARCH_USER_PATHS = NO;
				CLANG_ANALYZER_NONNULL = YES;
				CLANG_ANALYZER_NUMBER_OBJECT_CONVERSION = YES_AGGRESSIVE;
				CLANG_CXX_LANGUAGE_STANDARD = "gnu++20";
				CLANG_ENABLE_MODULES = YES;
				CLANG_ENABLE_OBJC_ARC = YES;
				CLANG_ENABLE_OBJC_WEAK = YES;
				CLANG_WARN_BLOCK_CAPTURE_AUTORELEASING = YES;
				CLANG_WARN_BOOL_CONVERSION = YES;
				CLANG_WARN_COMMA = YES;
				CLANG_WARN_CONSTANT_CONVERSION = YES;
				CLANG_WARN_DEPRECATED_OBJC_IMPLEMENTATIONS = YES;
				CLANG_WARN_DIRECT_OBJC_ISA_USAGE = YES_ERROR;
				CLANG_WARN_DOCUMENTATION_COMMENTS = YES;
				CLANG_WARN_EMPTY_BODY = YES;
				CLANG_WARN_ENUM_CONVERSION = YES;
				CLANG_WARN_INFINITE_RECURSION = YES;
				CLANG_WARN_INT_CONVERSION = YES;
				CLANG_WARN_NON_LITERAL_NULL_CONVERSION = YES;
				CLANG_WARN_OBJC_IMPLICIT_RETAIN_SELF = YES;
				CLANG_WARN_OBJC_LITERAL_CONVERSION = YES;
				CLANG_WARN_OBJC_ROOT_CLASS = YES_ERROR;
				CLANG_WARN_QUOTED_INCLUDE_IN_FRAMEWORK_HEADER = YES;
				CLANG_WARN_RANGE_LOOP_ANALYSIS = YES;
				CLANG_WARN_STRICT_PROTOTYPES = YES;
				CLANG_WARN_SUSPICIOUS_MOVE = YES;
				CLANG_WARN_UNGUARDED_AVAILABILITY = YES_AGGRESSIVE;
				CLANG_WARN_UNREACHABLE_CODE = YES;
				CLANG_WARN__DUPLICATE_METHOD_MATCH = YES;
				COPY_PHASE_STRIP = NO;
				DEBUG_INFORMATION_FORMAT = dwarf;
				ENABLE_STRICT_OBJC_MSGSEND = YES;
				ENABLE_TESTABILITY = YES;
				GCC_C_LANGUAGE_STANDARD = gnu11;
				GCC_DYNAMIC_NO_PIC = NO;
				GCC_NO_COMMON_BLOCKS = YES;
				GCC_OPTIMIZATION_LEVEL = 0;
				GCC_PREPROCESSOR_DEFINITIONS = (
					"DEBUG=1",
					"$(inherited)",
				);
				GCC_WARN_64_TO_32_BIT_CONVERSION = YES;
				GCC_WARN_ABOUT_RETURN_TYPE = YES_ERROR;
				GCC_WARN_UNDECLARED_SELECTOR = YES;
				GCC_WARN_UNINITIALIZED_AUTOS = YES_AGGRESSIVE;
				GCC_WARN_UNUSED_FUNCTION = YES;
				GCC_WARN_UNUSED_VARIABLE = YES;
				MTL_ENABLE_DEBUG_INFO = INCLUDE_SOURCE;
				MTL_FAST_MATH = YES;
				ONLY_ACTIVE_ARCH = YES;
				SWIFT_ACTIVE_COMPILATION_CONDITIONS = DEBUG;
				SWIFT_OPTIMIZATION_LEVEL = "-Onone";
			};
			name = Debug;
		};
		ACB5C60129284E450007A74E /* Release */ = {
			isa = XCBuildConfiguration;
			buildSettings = {
				ALWAYS_SEARCH_USER_PATHS = NO;
				CLANG_ANALYZER_NONNULL = YES;
				CLANG_ANALYZER_NUMBER_OBJECT_CONVERSION = YES_AGGRESSIVE;
				CLANG_CXX_LANGUAGE_STANDARD = "gnu++20";
				CLANG_ENABLE_MODULES = YES;
				CLANG_ENABLE_OBJC_ARC = YES;
				CLANG_ENABLE_OBJC_WEAK = YES;
				CLANG_WARN_BLOCK_CAPTURE_AUTORELEASING = YES;
				CLANG_WARN_BOOL_CONVERSION = YES;
				CLANG_WARN_COMMA = YES;
				CLANG_WARN_CONSTANT_CONVERSION = YES;
				CLANG_WARN_DEPRECATED_OBJC_IMPLEMENTATIONS = YES;
				CLANG_WARN_DIRECT_OBJC_ISA_USAGE = YES_ERROR;
				CLANG_WARN_DOCUMENTATION_COMMENTS = YES;
				CLANG_WARN_EMPTY_BODY = YES;
				CLANG_WARN_ENUM_CONVERSION = YES;
				CLANG_WARN_INFINITE_RECURSION = YES;
				CLANG_WARN_INT_CONVERSION = YES;
				CLANG_WARN_NON_LITERAL_NULL_CONVERSION = YES;
				CLANG_WARN_OBJC_IMPLICIT_RETAIN_SELF = YES;
				CLANG_WARN_OBJC_LITERAL_CONVERSION = YES;
				CLANG_WARN_OBJC_ROOT_CLASS = YES_ERROR;
				CLANG_WARN_QUOTED_INCLUDE_IN_FRAMEWORK_HEADER = YES;
				CLANG_WARN_RANGE_LOOP_ANALYSIS = YES;
				CLANG_WARN_STRICT_PROTOTYPES = YES;
				CLANG_WARN_SUSPICIOUS_MOVE = YES;
				CLANG_WARN_UNGUARDED_AVAILABILITY = YES_AGGRESSIVE;
				CLANG_WARN_UNREACHABLE_CODE = YES;
				CLANG_WARN__DUPLICATE_METHOD_MATCH = YES;
				COPY_PHASE_STRIP = NO;
				DEBUG_INFORMATION_FORMAT = "dwarf-with-dsym";
				ENABLE_NS_ASSERTIONS = NO;
				ENABLE_STRICT_OBJC_MSGSEND = YES;
				GCC_C_LANGUAGE_STANDARD = gnu11;
				GCC_NO_COMMON_BLOCKS = YES;
				GCC_WARN_64_TO_32_BIT_CONVERSION = YES;
				GCC_WARN_ABOUT_RETURN_TYPE = YES_ERROR;
				GCC_WARN_UNDECLARED_SELECTOR = YES;
				GCC_WARN_UNINITIALIZED_AUTOS = YES_AGGRESSIVE;
				GCC_WARN_UNUSED_FUNCTION = YES;
				GCC_WARN_UNUSED_VARIABLE = YES;
				MTL_ENABLE_DEBUG_INFO = NO;
				MTL_FAST_MATH = YES;
				SWIFT_COMPILATION_MODE = wholemodule;
				SWIFT_OPTIMIZATION_LEVEL = "-O";
			};
			name = Release;
		};
		ACB5C60329284E450007A74E /* Debug */ = {
			isa = XCBuildConfiguration;
			buildSettings = {
				ASSETCATALOG_COMPILER_APPICON_NAME = AppIcon;
				ASSETCATALOG_COMPILER_GLOBAL_ACCENT_COLOR_NAME = AccentColor;
				CODE_SIGN_ENTITLEMENTS = TestNavigation/TestNavigation.entitlements;
				CODE_SIGN_STYLE = Automatic;
				CURRENT_PROJECT_VERSION = 1;
				DEVELOPMENT_ASSET_PATHS = "\"TestNavigation/Preview Content\"";
				DEVELOPMENT_TEAM = 8C4V5Y6W3A;
				ENABLE_HARDENED_RUNTIME = YES;
				ENABLE_PREVIEWS = YES;
				GENERATE_INFOPLIST_FILE = YES;
				INFOPLIST_KEY_CFBundleDisplayName = SDental;
				INFOPLIST_KEY_LSApplicationCategoryType = "public.app-category.productivity";
				"INFOPLIST_KEY_UIApplicationSceneManifest_Generation[sdk=iphoneos*]" = YES;
				"INFOPLIST_KEY_UIApplicationSceneManifest_Generation[sdk=iphonesimulator*]" = YES;
				"INFOPLIST_KEY_UIApplicationSupportsIndirectInputEvents[sdk=iphoneos*]" = YES;
				"INFOPLIST_KEY_UIApplicationSupportsIndirectInputEvents[sdk=iphonesimulator*]" = YES;
				"INFOPLIST_KEY_UILaunchScreen_Generation[sdk=iphoneos*]" = YES;
				"INFOPLIST_KEY_UILaunchScreen_Generation[sdk=iphonesimulator*]" = YES;
				"INFOPLIST_KEY_UIStatusBarStyle[sdk=iphoneos*]" = UIStatusBarStyleDefault;
				"INFOPLIST_KEY_UIStatusBarStyle[sdk=iphonesimulator*]" = UIStatusBarStyleDefault;
				INFOPLIST_KEY_UISupportedInterfaceOrientations_iPad = "UIInterfaceOrientationPortrait UIInterfaceOrientationPortraitUpsideDown UIInterfaceOrientationLandscapeLeft UIInterfaceOrientationLandscapeRight";
				INFOPLIST_KEY_UISupportedInterfaceOrientations_iPhone = "UIInterfaceOrientationPortrait UIInterfaceOrientationLandscapeLeft UIInterfaceOrientationLandscapeRight";
				IPHONEOS_DEPLOYMENT_TARGET = 16.1;
				LD_RUNPATH_SEARCH_PATHS = "@executable_path/Frameworks";
				"LD_RUNPATH_SEARCH_PATHS[sdk=macosx*]" = "@executable_path/../Frameworks";
				MACOSX_DEPLOYMENT_TARGET = 13.0;
				MARKETING_VERSION = 1.0;
				PRODUCT_BUNDLE_IDENTIFIER = com.rowdur.TestNavigation;
				PRODUCT_NAME = "$(TARGET_NAME)";
				SDKROOT = auto;
				SUPPORTED_PLATFORMS = "iphoneos iphonesimulator macosx";
				SWIFT_EMIT_LOC_STRINGS = YES;
				SWIFT_VERSION = 5.0;
				TARGETED_DEVICE_FAMILY = "1,2";
			};
			name = Debug;
		};
		ACB5C60429284E450007A74E /* Release */ = {
			isa = XCBuildConfiguration;
			buildSettings = {
				ASSETCATALOG_COMPILER_APPICON_NAME = AppIcon;
				ASSETCATALOG_COMPILER_GLOBAL_ACCENT_COLOR_NAME = AccentColor;
				CODE_SIGN_ENTITLEMENTS = TestNavigation/TestNavigation.entitlements;
				CODE_SIGN_STYLE = Automatic;
				CURRENT_PROJECT_VERSION = 1;
				DEVELOPMENT_ASSET_PATHS = "\"TestNavigation/Preview Content\"";
				DEVELOPMENT_TEAM = 8C4V5Y6W3A;
				ENABLE_HARDENED_RUNTIME = YES;
				ENABLE_PREVIEWS = YES;
				GENERATE_INFOPLIST_FILE = YES;
				INFOPLIST_KEY_CFBundleDisplayName = SDental;
				INFOPLIST_KEY_LSApplicationCategoryType = "public.app-category.productivity";
				"INFOPLIST_KEY_UIApplicationSceneManifest_Generation[sdk=iphoneos*]" = YES;
				"INFOPLIST_KEY_UIApplicationSceneManifest_Generation[sdk=iphonesimulator*]" = YES;
				"INFOPLIST_KEY_UIApplicationSupportsIndirectInputEvents[sdk=iphoneos*]" = YES;
				"INFOPLIST_KEY_UIApplicationSupportsIndirectInputEvents[sdk=iphonesimulator*]" = YES;
				"INFOPLIST_KEY_UILaunchScreen_Generation[sdk=iphoneos*]" = YES;
				"INFOPLIST_KEY_UILaunchScreen_Generation[sdk=iphonesimulator*]" = YES;
				"INFOPLIST_KEY_UIStatusBarStyle[sdk=iphoneos*]" = UIStatusBarStyleDefault;
				"INFOPLIST_KEY_UIStatusBarStyle[sdk=iphonesimulator*]" = UIStatusBarStyleDefault;
				INFOPLIST_KEY_UISupportedInterfaceOrientations_iPad = "UIInterfaceOrientationPortrait UIInterfaceOrientationPortraitUpsideDown UIInterfaceOrientationLandscapeLeft UIInterfaceOrientationLandscapeRight";
				INFOPLIST_KEY_UISupportedInterfaceOrientations_iPhone = "UIInterfaceOrientationPortrait UIInterfaceOrientationLandscapeLeft UIInterfaceOrientationLandscapeRight";
				IPHONEOS_DEPLOYMENT_TARGET = 16.1;
				LD_RUNPATH_SEARCH_PATHS = "@executable_path/Frameworks";
				"LD_RUNPATH_SEARCH_PATHS[sdk=macosx*]" = "@executable_path/../Frameworks";
				MACOSX_DEPLOYMENT_TARGET = 13.0;
				MARKETING_VERSION = 1.0;
				PRODUCT_BUNDLE_IDENTIFIER = com.rowdur.TestNavigation;
				PRODUCT_NAME = "$(TARGET_NAME)";
				SDKROOT = auto;
				SUPPORTED_PLATFORMS = "iphoneos iphonesimulator macosx";
				SWIFT_EMIT_LOC_STRINGS = YES;
				SWIFT_VERSION = 5.0;
				TARGETED_DEVICE_FAMILY = "1,2";
			};
			name = Release;
		};
/* End XCBuildConfiguration section */

/* Begin XCConfigurationList section */
		ACB5C5EE29284E420007A74E /* Build configuration list for PBXProject "TestNavigation" */ = {
			isa = XCConfigurationList;
			buildConfigurations = (
				ACB5C60029284E450007A74E /* Debug */,
				ACB5C60129284E450007A74E /* Release */,
			);
			defaultConfigurationIsVisible = 0;
			defaultConfigurationName = Release;
		};
		ACB5C60229284E450007A74E /* Build configuration list for PBXNativeTarget "TestNavigation" */ = {
			isa = XCConfigurationList;
			buildConfigurations = (
				ACB5C60329284E450007A74E /* Debug */,
				ACB5C60429284E450007A74E /* Release */,
			);
			defaultConfigurationIsVisible = 0;
			defaultConfigurationName = Release;
		};
/* End XCConfigurationList section */

/* Begin XCRemoteSwiftPackageReference section */
		ACB5C61D292993340007A74E /* XCRemoteSwiftPackageReference "firebase-ios-sdk" */ = {
			isa = XCRemoteSwiftPackageReference;
			repositoryURL = "https://github.com/firebase/firebase-ios-sdk";
			requirement = {
				branch = master;
				kind = branch;
			};
		};
/* End XCRemoteSwiftPackageReference section */

/* Begin XCSwiftPackageProductDependency section */
		ACB5C61E292993340007A74E /* FirebaseAuth */ = {
			isa = XCSwiftPackageProductDependency;
			package = ACB5C61D292993340007A74E /* XCRemoteSwiftPackageReference "firebase-ios-sdk" */;
			productName = FirebaseAuth;
		};
		ACB5C620292993340007A74E /* FirebaseFirestoreSwift */ = {
			isa = XCSwiftPackageProductDependency;
			package = ACB5C61D292993340007A74E /* XCRemoteSwiftPackageReference "firebase-ios-sdk" */;
			productName = FirebaseFirestoreSwift;
		};
/* End XCSwiftPackageProductDependency section */
	};
	rootObject = ACB5C5EB29284E420007A74E /* Project object */;
}
